
Microsoft Visual Studio Solution File, Format Version 12.00
# Visual Studio Version 17
VisualStudioVersion = 17.9.34728.123
MinimumVisualStudioVersion = 10.0.40219.1
Project("{FAE04EC0-301F-11D3-BF4B-00C04F79EFBC}") = "FunçõesOperaçõesMatriz", "FunçõesOperaçõesMatriz\FunçõesOperaçõesMatriz.csproj", "{F71FDEFD-A79F-45D1-A5C3-318E7E9F15F4}"
EndProject
Global
	GlobalSection(SolutionConfigurationPlatforms) = preSolution
		Debug|Any CPU = Debug|Any CPU
		Release|Any CPU = Release|Any CPU
	EndGlobalSection
	GlobalSection(ProjectConfigurationPlatforms) = postSolution
		{F71FDEFD-A79F-45D1-A5C3-318E7E9F15F4}.Debug|Any CPU.ActiveCfg = Debug|Any CPU
		{F71FDEFD-A79F-45D1-A5C3-318E7E9F15F4}.Debug|Any CPU.Build.0 = Debug|Any CPU
		{F71FDEFD-A79F-45D1-A5C3-318E7E9F15F4}.Release|Any CPU.ActiveCfg = Release|Any CPU
		{F71FDEFD-A79F-45D1-A5C3-318E7E9F15F4}.Release|Any CPU.Build.0 = Release|Any CPU
	EndGlobalSection
	GlobalSection(SolutionProperties) = preSolution
		HideSolutionNode = FALSE
	EndGlobalSection
	GlobalSection(ExtensibilityGlobals) = postSolution
		SolutionGuid = {A043C028-0E44-4B42-8A7D-C21111072EC9}
	EndGlobalSection
EndGlobal
